
Microsoft Visual Studio Solution File, Format Version 12.00
# Visual Studio Version 16
VisualStudioVersion = 16.0.31515.178
MinimumVisualStudioVersion = 10.0.40219.1
Project("{FAE04EC0-301F-11D3-BF4B-00C04F79EFBC}") = "BoardGamesRentalService", "BoardGamesRentalService\BoardGamesRentalService.csproj", "{581EDA1C-2E03-4916-8191-8274616F1AB2}"
EndProject
Project("{FAE04EC0-301F-11D3-BF4B-00C04F79EFBC}") = "GamesRental.Infrastructure", "GamesRental.Infrastructure\GamesRental.Infrastructure.csproj", "{6CCACB4A-D619-4998-B9C4-14CFA11CDC6F}"
EndProject
Project("{FAE04EC0-301F-11D3-BF4B-00C04F79EFBC}") = "GamesRental.Mediator", "GamesRental.Mediator\GamesRental.Mediator.csproj", "{CA0C76CE-24DB-4953-8180-D0D6005EF280}"
EndProject
Global
	GlobalSection(SolutionConfigurationPlatforms) = preSolution
		Debug|Any CPU = Debug|Any CPU
		Release|Any CPU = Release|Any CPU
	EndGlobalSection
	GlobalSection(ProjectConfigurationPlatforms) = postSolution
		{581EDA1C-2E03-4916-8191-8274616F1AB2}.Debug|Any CPU.ActiveCfg = Debug|Any CPU
		{581EDA1C-2E03-4916-8191-8274616F1AB2}.Debug|Any CPU.Build.0 = Debug|Any CPU
		{581EDA1C-2E03-4916-8191-8274616F1AB2}.Release|Any CPU.ActiveCfg = Release|Any CPU
		{581EDA1C-2E03-4916-8191-8274616F1AB2}.Release|Any CPU.Build.0 = Release|Any CPU
		{6CCACB4A-D619-4998-B9C4-14CFA11CDC6F}.Debug|Any CPU.ActiveCfg = Debug|Any CPU
		{6CCACB4A-D619-4998-B9C4-14CFA11CDC6F}.Debug|Any CPU.Build.0 = Debug|Any CPU
		{6CCACB4A-D619-4998-B9C4-14CFA11CDC6F}.Release|Any CPU.ActiveCfg = Release|Any CPU
		{6CCACB4A-D619-4998-B9C4-14CFA11CDC6F}.Release|Any CPU.Build.0 = Release|Any CPU
		{CA0C76CE-24DB-4953-8180-D0D6005EF280}.Debug|Any CPU.ActiveCfg = Debug|Any CPU
		{CA0C76CE-24DB-4953-8180-D0D6005EF280}.Debug|Any CPU.Build.0 = Debug|Any CPU
		{CA0C76CE-24DB-4953-8180-D0D6005EF280}.Release|Any CPU.ActiveCfg = Release|Any CPU
		{CA0C76CE-24DB-4953-8180-D0D6005EF280}.Release|Any CPU.Build.0 = Release|Any CPU
	EndGlobalSection
	GlobalSection(SolutionProperties) = preSolution
		HideSolutionNode = FALSE
	EndGlobalSection
	GlobalSection(ExtensibilityGlobals) = postSolution
		SolutionGuid = {F42ED268-C11D-4973-B23B-D04CA27AD8E5}
	EndGlobalSection
EndGlobal
